
Microsoft Visual Studio Solution File, Format Version 12.00
# Visual Studio Version 17
VisualStudioVersion = 17.4.33403.182
MinimumVisualStudioVersion = 10.0.40219.1
Project("{2150E333-8FDC-42A3-9474-1A3956D46DE8}") = "src", "src", "{CC5429F7-EB89-4D3B-8023-9D873D9D8AB0}"
EndProject
Project("{2150E333-8FDC-42A3-9474-1A3956D46DE8}") = "tests", "tests", "{222FFB15-5F43-4312-8ACF-396A95028104}"
EndProject
Project("{2150E333-8FDC-42A3-9474-1A3956D46DE8}") = "Domain", "Domain", "{13B37CE4-81C5-4BB7-B357-E7000524DC8A}"
EndProject
Project("{2150E333-8FDC-42A3-9474-1A3956D46DE8}") = "Application", "Application", "{3F32ECF8-4BD0-4D5E-9BF1-5AAD0F32C555}"
EndProject
Project("{2150E333-8FDC-42A3-9474-1A3956D46DE8}") = "ServerAPI", "ServerAPI", "{7679CBC5-095F-4828-B38B-8845AB417B90}"
EndProject
Project("{2150E333-8FDC-42A3-9474-1A3956D46DE8}") = "Infrastructure", "Infrastructure", "{6CA3C2C1-D71E-4EAB-9156-B6BFAF7009BB}"
EndProject
Project("{9A19103F-16F7-4668-BE54-9A1E7A4F7556}") = "ServerAPI.GraphQL-PrimeNo", "src\ServerAPI\ServerAPI.GraphQL-PrimeNo\ServerAPI.GraphQL-PrimeNo.csproj", "{BFB93589-7E8E-4960-AF46-4EDB24521FFC}"
EndProject
Project("{9A19103F-16F7-4668-BE54-9A1E7A4F7556}") = "Domain.PrimeNumbers", "src\Domain\Domain.PrimeNumbers.csproj", "{2FDBB657-1A05-4EE4-AD33-120894EB1FA1}"
EndProject
Project("{9A19103F-16F7-4668-BE54-9A1E7A4F7556}") = "Application.GraphQL-PrimeNo", "src\Application\Application.GraphQL-PrimeNo\Application.GraphQL-PrimeNo.csproj", "{C7B7BB9A-E72B-4CD0-8E11-6375940F9A01}"
EndProject
Project("{9A19103F-16F7-4668-BE54-9A1E7A4F7556}") = "Application.PrimeNumbers", "src\Application\Application.PrimeNumbers\Application.PrimeNumbers.csproj", "{6F870A6A-70ED-452A-9DFB-94103D868AFA}"
EndProject
Project("{9A19103F-16F7-4668-BE54-9A1E7A4F7556}") = "Transports.AspNetCore", "src\Infrastructure\Transports.AspNetCore\Transports.AspNetCore.csproj", "{B65863CD-BC51-4322-B61A-C2DB68090280}"
EndProject
Project("{9A19103F-16F7-4668-BE54-9A1E7A4F7556}") = "Ui.Playground", "src\Infrastructure\Ui.Playground\Ui.Playground.csproj", "{2617CBA9-8546-44D0-A5B3-DA2BAA5A2FA7}"
EndProject
Project("{9A19103F-16F7-4668-BE54-9A1E7A4F7556}") = "Tests.GraphQL-PrimeNo", "tests\Tests.GraphQL-PrimeNo\Tests.GraphQL-PrimeNo.csproj", "{9B266569-FFE6-40D7-AD07-B355483969B8}"
EndProject
Global
	GlobalSection(SolutionConfigurationPlatforms) = preSolution
		Debug|Any CPU = Debug|Any CPU
		Release|Any CPU = Release|Any CPU
	EndGlobalSection
	GlobalSection(ProjectConfigurationPlatforms) = postSolution
		{BFB93589-7E8E-4960-AF46-4EDB24521FFC}.Debug|Any CPU.ActiveCfg = Debug|Any CPU
		{BFB93589-7E8E-4960-AF46-4EDB24521FFC}.Debug|Any CPU.Build.0 = Debug|Any CPU
		{BFB93589-7E8E-4960-AF46-4EDB24521FFC}.Release|Any CPU.ActiveCfg = Release|Any CPU
		{BFB93589-7E8E-4960-AF46-4EDB24521FFC}.Release|Any CPU.Build.0 = Release|Any CPU
		{2FDBB657-1A05-4EE4-AD33-120894EB1FA1}.Debug|Any CPU.ActiveCfg = Debug|Any CPU
		{2FDBB657-1A05-4EE4-AD33-120894EB1FA1}.Debug|Any CPU.Build.0 = Debug|Any CPU
		{2FDBB657-1A05-4EE4-AD33-120894EB1FA1}.Release|Any CPU.ActiveCfg = Release|Any CPU
		{2FDBB657-1A05-4EE4-AD33-120894EB1FA1}.Release|Any CPU.Build.0 = Release|Any CPU
		{C7B7BB9A-E72B-4CD0-8E11-6375940F9A01}.Debug|Any CPU.ActiveCfg = Debug|Any CPU
		{C7B7BB9A-E72B-4CD0-8E11-6375940F9A01}.Debug|Any CPU.Build.0 = Debug|Any CPU
		{C7B7BB9A-E72B-4CD0-8E11-6375940F9A01}.Release|Any CPU.ActiveCfg = Release|Any CPU
		{C7B7BB9A-E72B-4CD0-8E11-6375940F9A01}.Release|Any CPU.Build.0 = Release|Any CPU
		{6F870A6A-70ED-452A-9DFB-94103D868AFA}.Debug|Any CPU.ActiveCfg = Debug|Any CPU
		{6F870A6A-70ED-452A-9DFB-94103D868AFA}.Debug|Any CPU.Build.0 = Debug|Any CPU
		{6F870A6A-70ED-452A-9DFB-94103D868AFA}.Release|Any CPU.ActiveCfg = Release|Any CPU
		{6F870A6A-70ED-452A-9DFB-94103D868AFA}.Release|Any CPU.Build.0 = Release|Any CPU
		{B65863CD-BC51-4322-B61A-C2DB68090280}.Debug|Any CPU.ActiveCfg = Debug|Any CPU
		{B65863CD-BC51-4322-B61A-C2DB68090280}.Debug|Any CPU.Build.0 = Debug|Any CPU
		{B65863CD-BC51-4322-B61A-C2DB68090280}.Release|Any CPU.ActiveCfg = Release|Any CPU
		{B65863CD-BC51-4322-B61A-C2DB68090280}.Release|Any CPU.Build.0 = Release|Any CPU
		{2617CBA9-8546-44D0-A5B3-DA2BAA5A2FA7}.Debug|Any CPU.ActiveCfg = Debug|Any CPU
		{2617CBA9-8546-44D0-A5B3-DA2BAA5A2FA7}.Debug|Any CPU.Build.0 = Debug|Any CPU
		{2617CBA9-8546-44D0-A5B3-DA2BAA5A2FA7}.Release|Any CPU.ActiveCfg = Release|Any CPU
		{2617CBA9-8546-44D0-A5B3-DA2BAA5A2FA7}.Release|Any CPU.Build.0 = Release|Any CPU
		{9B266569-FFE6-40D7-AD07-B355483969B8}.Debug|Any CPU.ActiveCfg = Debug|Any CPU
		{9B266569-FFE6-40D7-AD07-B355483969B8}.Debug|Any CPU.Build.0 = Debug|Any CPU
		{9B266569-FFE6-40D7-AD07-B355483969B8}.Release|Any CPU.ActiveCfg = Release|Any CPU
		{9B266569-FFE6-40D7-AD07-B355483969B8}.Release|Any CPU.Build.0 = Release|Any CPU
	EndGlobalSection
	GlobalSection(SolutionProperties) = preSolution
		HideSolutionNode = FALSE
	EndGlobalSection
	GlobalSection(NestedProjects) = preSolution
		{13B37CE4-81C5-4BB7-B357-E7000524DC8A} = {CC5429F7-EB89-4D3B-8023-9D873D9D8AB0}
		{3F32ECF8-4BD0-4D5E-9BF1-5AAD0F32C555} = {CC5429F7-EB89-4D3B-8023-9D873D9D8AB0}
		{7679CBC5-095F-4828-B38B-8845AB417B90} = {CC5429F7-EB89-4D3B-8023-9D873D9D8AB0}
		{6CA3C2C1-D71E-4EAB-9156-B6BFAF7009BB} = {CC5429F7-EB89-4D3B-8023-9D873D9D8AB0}
		{BFB93589-7E8E-4960-AF46-4EDB24521FFC} = {7679CBC5-095F-4828-B38B-8845AB417B90}
		{2FDBB657-1A05-4EE4-AD33-120894EB1FA1} = {13B37CE4-81C5-4BB7-B357-E7000524DC8A}
		{C7B7BB9A-E72B-4CD0-8E11-6375940F9A01} = {3F32ECF8-4BD0-4D5E-9BF1-5AAD0F32C555}
		{6F870A6A-70ED-452A-9DFB-94103D868AFA} = {3F32ECF8-4BD0-4D5E-9BF1-5AAD0F32C555}
		{B65863CD-BC51-4322-B61A-C2DB68090280} = {6CA3C2C1-D71E-4EAB-9156-B6BFAF7009BB}
		{2617CBA9-8546-44D0-A5B3-DA2BAA5A2FA7} = {6CA3C2C1-D71E-4EAB-9156-B6BFAF7009BB}
		{9B266569-FFE6-40D7-AD07-B355483969B8} = {222FFB15-5F43-4312-8ACF-396A95028104}
	EndGlobalSection
	GlobalSection(ExtensibilityGlobals) = postSolution
		SolutionGuid = {708942D0-4791-48DE-B17E-6AE5F9A86006}
	EndGlobalSection
EndGlobal
